{
  "version": 4,
  "terraform_version": "1.8.4",
  "serial": 738,
  "lineage": "9fea9b5a-3f53-aee7-4f5e-e108d1ba6da5",
  "outputs": {},
  "resources": [
    {
      "mode": "data",
      "type": "oci_identity_compartment",
      "name": "comps_ids",
      "provider": "provider[\"registry.terraform.io/oracle/oci\"]",
      "instances": [
        {
          "schema_version": 0,
          "attributes": {
            "compartment_id": null,
            "defined_tags": {},
            "description": "mhdcloudtest",
            "freeform_tags": {},
            "id": "ocid1.tenancy.oc1..aaaaaaaafecpedgwhzbwvdw266usgo65ngnyzpacrbq54tezzlu4ctb76hpq",
            "inactive_state": null,
            "is_accessible": true,
            "name": "mhdcloudtest",
            "state": "ACTIVE",
            "time_created": "2019-10-27 21:03:20.309 +0000 UTC"
          },
          "sensitive_attributes": []
        }
      ]
    },
    {
      "module": "module.ocib",
      "mode": "managed",
      "type": "oci_core_subnet",
      "name": "vcn1_subx",
      "provider": "provider[\"registry.terraform.io/oracle/oci\"]",
      "instances": [
        {
          "index_key": 0,
          "schema_version": 0,
          "attributes": {
            "availability_domain": null,
            "cidr_block": "10.0.4.0/24",
            "compartment_id": "ocid1.compartment.oc1..aaaaaaaak46r55kgjr4iwsc5hlruqncl524hajywhiem4nszhwxltvdnyoka",
            "defined_tags": {},
            "dhcp_options_id": "ocid1.dhcpoptions.oc1.eu-zurich-1.aaaaaaaaoxrfcfyuqh7exfg7dyra34sxrha5vprr5dcahrw2qd65w4ohebra",
            "display_name": "OCI-VCN-0-Sub-0",
            "dns_label": null,
            "freeform_tags": {},
            "id": "ocid1.subnet.oc1.eu-zurich-1.aaaaaaaadq3ii3heu3a75jivrpktz5h4eclifehpciikkaeydgotdbivuvta",
            "ipv6cidr_block": null,
            "ipv6cidr_blocks": [],
            "ipv6virtual_router_ip": null,
            "prohibit_internet_ingress": false,
            "prohibit_public_ip_on_vnic": false,
            "route_table_id": "ocid1.routetable.oc1.eu-zurich-1.aaaaaaaamjbavdwxvgyvknwgczl6gf4q2dhpninyc6k4lwzvedeuk4gaiidq",
            "security_list_ids": [
              "ocid1.securitylist.oc1.eu-zurich-1.aaaaaaaai3duxtkk5fpusqymeipxvq3dxqk7txrrsq7smb7pqk667iv7z46a"
            ],
            "state": "AVAILABLE",
            "subnet_domain_name": null,
            "time_created": "2024-07-16 13:27:53.755 +0000 UTC",
            "timeouts": null,
            "vcn_id": "ocid1.vcn.oc1.eu-zurich-1.amaaaaaaspn2bqyahl2pediedudd42vvm4oo3fywvjm5k6brm45vadba2i5q",
            "virtual_router_ip": "10.0.4.1",
            "virtual_router_mac": "00:00:17:14:7C:05"
          },
          "sensitive_attributes": [],
          "private": "eyJlMmJmYjczMC1lY2FhLTExZTYtOGY4OC0zNDM2M2JjN2M0YzAiOnsiY3JlYXRlIjoxMjAwMDAwMDAwMDAwLCJkZWxldGUiOjEyMDAwMDAwMDAwMDAsInVwZGF0ZSI6MTIwMDAwMDAwMDAwMH19",
          "dependencies": [
            "module.ocib.oci_core_vcn.internal",
            "module.ocib.oci_identity_compartment.TerraForEach_Compartments"
          ]
        },
        {
          "index_key": 1,
          "schema_version": 0,
          "attributes": {
            "availability_domain": null,
            "cidr_block": "10.1.4.0/24",
            "compartment_id": "ocid1.compartment.oc1..aaaaaaaak46r55kgjr4iwsc5hlruqncl524hajywhiem4nszhwxltvdnyoka",
            "defined_tags": {},
            "dhcp_options_id": "ocid1.dhcpoptions.oc1.eu-zurich-1.aaaaaaaav4u7og6tzj367eooy5waevropadya6q3fviatjb3dxdc53a5x2ka",
            "display_name": "OCI-VCN-1-Sub-1",
            "dns_label": null,
            "freeform_tags": {},
            "id": "ocid1.subnet.oc1.eu-zurich-1.aaaaaaaaukwmljcwjmytfxlv7gjmfgogjpfsgnb7pgdhg26zac3hpef5adba",
            "ipv6cidr_block": null,
            "ipv6cidr_blocks": [],
            "ipv6virtual_router_ip": null,
            "prohibit_internet_ingress": false,
            "prohibit_public_ip_on_vnic": false,
            "route_table_id": "ocid1.routetable.oc1.eu-zurich-1.aaaaaaaa3r5e3ccynglqbky2xtha2ddobo7xr5p2yeb2v7j2awl634zfkhxa",
            "security_list_ids": [
              "ocid1.securitylist.oc1.eu-zurich-1.aaaaaaaa6hcbz52v7ccnhwz47xqyf2yjfhulotrmxadg54twwvzp5tcox2ga"
            ],
            "state": "AVAILABLE",
            "subnet_domain_name": null,
            "time_created": "2024-07-16 13:27:53.77 +0000 UTC",
            "timeouts": null,
            "vcn_id": "ocid1.vcn.oc1.eu-zurich-1.amaaaaaaspn2bqyawfzip3kmreuluwfvroeny5viudofr22lmaggl4bsduza",
            "virtual_router_ip": "10.1.4.1",
            "virtual_router_mac": "00:00:17:7A:2B:21"
          },
          "sensitive_attributes": [],
          "private": "eyJlMmJmYjczMC1lY2FhLTExZTYtOGY4OC0zNDM2M2JjN2M0YzAiOnsiY3JlYXRlIjoxMjAwMDAwMDAwMDAwLCJkZWxldGUiOjEyMDAwMDAwMDAwMDAsInVwZGF0ZSI6MTIwMDAwMDAwMDAwMH19",
          "dependencies": [
            "module.ocib.oci_core_vcn.internal",
            "module.ocib.oci_identity_compartment.TerraForEach_Compartments"
          ]
        }
      ]
    },
    {
      "module": "module.ocib",
      "mode": "managed",
      "type": "oci_core_vcn",
      "name": "internal",
      "provider": "provider[\"registry.terraform.io/oracle/oci\"]",
      "instances": [
        {
          "index_key": 0,
          "schema_version": 0,
          "attributes": {
            "byoipv6cidr_blocks": [],
            "byoipv6cidr_details": null,
            "cidr_block": "10.0.0.0/16",
            "cidr_blocks": [
              "10.0.0.0/16"
            ],
            "compartment_id": "ocid1.compartment.oc1..aaaaaaaak46r55kgjr4iwsc5hlruqncl524hajywhiem4nszhwxltvdnyoka",
            "default_dhcp_options_id": "ocid1.dhcpoptions.oc1.eu-zurich-1.aaaaaaaaoxrfcfyuqh7exfg7dyra34sxrha5vprr5dcahrw2qd65w4ohebra",
            "default_route_table_id": "ocid1.routetable.oc1.eu-zurich-1.aaaaaaaamjbavdwxvgyvknwgczl6gf4q2dhpninyc6k4lwzvedeuk4gaiidq",
            "default_security_list_id": "ocid1.securitylist.oc1.eu-zurich-1.aaaaaaaai3duxtkk5fpusqymeipxvq3dxqk7txrrsq7smb7pqk667iv7z46a",
            "defined_tags": {},
            "display_name": "OCI-VCN-0",
            "dns_label": "internal",
            "freeform_tags": {},
            "id": "ocid1.vcn.oc1.eu-zurich-1.amaaaaaaspn2bqyahl2pediedudd42vvm4oo3fywvjm5k6brm45vadba2i5q",
            "ipv6cidr_blocks": [],
            "ipv6private_cidr_blocks": [],
            "is_ipv6enabled": false,
            "is_oracle_gua_allocation_enabled": null,
            "state": "AVAILABLE",
            "time_created": "2024-07-16 13:27:52.816 +0000 UTC",
            "timeouts": {
              "create": "10m",
              "delete": "30m",
              "update": "30m"
            },
            "vcn_domain_name": "internal.oraclevcn.com"
          },
          "sensitive_attributes": [],
          "private": "eyJlMmJmYjczMC1lY2FhLTExZTYtOGY4OC0zNDM2M2JjN2M0YzAiOnsiY3JlYXRlIjo2MDAwMDAwMDAwMDAsImRlbGV0ZSI6MTgwMDAwMDAwMDAwMCwidXBkYXRlIjoxODAwMDAwMDAwMDAwfX0=",
          "dependencies": [
            "module.ocib.oci_identity_compartment.TerraForEach_Compartments"
          ]
        },
        {
          "index_key": 1,
          "schema_version": 0,
          "attributes": {
            "byoipv6cidr_blocks": [],
            "byoipv6cidr_details": null,
            "cidr_block": "10.1.0.0/16",
            "cidr_blocks": [
              "10.1.0.0/16"
            ],
            "compartment_id": "ocid1.compartment.oc1..aaaaaaaak46r55kgjr4iwsc5hlruqncl524hajywhiem4nszhwxltvdnyoka",
            "default_dhcp_options_id": "ocid1.dhcpoptions.oc1.eu-zurich-1.aaaaaaaav4u7og6tzj367eooy5waevropadya6q3fviatjb3dxdc53a5x2ka",
            "default_route_table_id": "ocid1.routetable.oc1.eu-zurich-1.aaaaaaaa3r5e3ccynglqbky2xtha2ddobo7xr5p2yeb2v7j2awl634zfkhxa",
            "default_security_list_id": "ocid1.securitylist.oc1.eu-zurich-1.aaaaaaaa6hcbz52v7ccnhwz47xqyf2yjfhulotrmxadg54twwvzp5tcox2ga",
            "defined_tags": {},
            "display_name": "OCI-VCN-1",
            "dns_label": "internal",
            "freeform_tags": {},
            "id": "ocid1.vcn.oc1.eu-zurich-1.amaaaaaaspn2bqyawfzip3kmreuluwfvroeny5viudofr22lmaggl4bsduza",
            "ipv6cidr_blocks": [],
            "ipv6private_cidr_blocks": [],
            "is_ipv6enabled": false,
            "is_oracle_gua_allocation_enabled": null,
            "state": "AVAILABLE",
            "time_created": "2024-07-16 13:27:52.79 +0000 UTC",
            "timeouts": {
              "create": "10m",
              "delete": "30m",
              "update": "30m"
            },
            "vcn_domain_name": "internal.oraclevcn.com"
          },
          "sensitive_attributes": [],
          "private": "eyJlMmJmYjczMC1lY2FhLTExZTYtOGY4OC0zNDM2M2JjN2M0YzAiOnsiY3JlYXRlIjo2MDAwMDAwMDAwMDAsImRlbGV0ZSI6MTgwMDAwMDAwMDAwMCwidXBkYXRlIjoxODAwMDAwMDAwMDAwfX0=",
          "dependencies": [
            "module.ocib.oci_identity_compartment.TerraForEach_Compartments"
          ]
        }
      ]
    },
    {
      "module": "module.ocib",
      "mode": "managed",
      "type": "oci_identity_compartment",
      "name": "TC_Comps",
      "provider": "provider[\"registry.terraform.io/oracle/oci\"]",
      "instances": [
        {
          "index_key": 0,
          "schema_version": 0,
          "attributes": {
            "compartment_id": "ocid1.tenancy.oc1..aaaaaaaafecpedgwhzbwvdw266usgo65ngnyzpacrbq54tezzlu4ctb76hpq",
            "defined_tags": {},
            "description": " create compartment using count meta-argument",
            "enable_delete": null,
            "freeform_tags": {
              "Created-Since": "15",
              "Owner": "Mohammad"
            },
            "id": "ocid1.compartment.oc1..aaaaaaaaclmpavf3rneirergwx7nxzppdmx5lotowo4y3hx622tee2thcixq",
            "inactive_state": null,
            "is_accessible": true,
            "name": "CT_0",
            "state": "ACTIVE",
            "time_created": "2024-07-15 13:05:12.79 +0000 UTC",
            "timeouts": null
          },
          "sensitive_attributes": [],
          "private": "eyJlMmJmYjczMC1lY2FhLTExZTYtOGY4OC0zNDM2M2JjN2M0YzAiOnsiZGVsZXRlIjo1NDAwMDAwMDAwMDAwfX0=",
          "create_before_destroy": true
        },
        {
          "index_key": 1,
          "schema_version": 0,
          "attributes": {
            "compartment_id": "ocid1.tenancy.oc1..aaaaaaaafecpedgwhzbwvdw266usgo65ngnyzpacrbq54tezzlu4ctb76hpq",
            "defined_tags": {},
            "description": " create compartment using count meta-argument",
            "enable_delete": null,
            "freeform_tags": {
              "Created-Since": "15",
              "Owner": "Mohammad"
            },
            "id": "ocid1.compartment.oc1..aaaaaaaa4mh4gk55374cjzcqiyhalt6imlo6kmdy4szqqt6fd66xwoi53jea",
            "inactive_state": null,
            "is_accessible": true,
            "name": "CT_1",
            "state": "ACTIVE",
            "time_created": "2024-07-15 13:05:13.024 +0000 UTC",
            "timeouts": null
          },
          "sensitive_attributes": [],
          "private": "eyJlMmJmYjczMC1lY2FhLTExZTYtOGY4OC0zNDM2M2JjN2M0YzAiOnsiZGVsZXRlIjo1NDAwMDAwMDAwMDAwfX0=",
          "create_before_destroy": true
        }
      ]
    },
    {
      "module": "module.ocib",
      "mode": "managed",
      "type": "oci_identity_compartment",
      "name": "TerraForEach_Compartments",
      "provider": "provider[\"registry.terraform.io/oracle/oci\"]",
      "instances": [
        {
          "index_key": "D1",
          "schema_version": 0,
          "attributes": {
            "compartment_id": "ocid1.tenancy.oc1..aaaaaaaafecpedgwhzbwvdw266usgo65ngnyzpacrbq54tezzlu4ctb76hpq",
            "defined_tags": {},
            "description": "create staging and dev compartments",
            "enable_delete": null,
            "freeform_tags": {},
            "id": "ocid1.compartment.oc1..aaaaaaaak46r55kgjr4iwsc5hlruqncl524hajywhiem4nszhwxltvdnyoka",
            "inactive_state": null,
            "is_accessible": true,
            "name": "D1",
            "state": "ACTIVE",
            "time_created": "2024-07-15 13:35:20.87 +0000 UTC",
            "timeouts": null
          },
          "sensitive_attributes": [],
          "private": "eyJlMmJmYjczMC1lY2FhLTExZTYtOGY4OC0zNDM2M2JjN2M0YzAiOnsiZGVsZXRlIjo1NDAwMDAwMDAwMDAwfX0="
        },
        {
          "index_key": "D2",
          "schema_version": 0,
          "attributes": {
            "compartment_id": "ocid1.tenancy.oc1..aaaaaaaafecpedgwhzbwvdw266usgo65ngnyzpacrbq54tezzlu4ctb76hpq",
            "defined_tags": {},
            "description": "create staging and dev compartments",
            "enable_delete": null,
            "freeform_tags": {},
            "id": "ocid1.compartment.oc1..aaaaaaaaaahnospb5er23a33vc44bs5ti4p36fyknekiom75hf3likgndkxa",
            "inactive_state": null,
            "is_accessible": true,
            "name": "D2",
            "state": "ACTIVE",
            "time_created": "2024-07-15 13:35:20.652 +0000 UTC",
            "timeouts": null
          },
          "sensitive_attributes": [],
          "private": "eyJlMmJmYjczMC1lY2FhLTExZTYtOGY4OC0zNDM2M2JjN2M0YzAiOnsiZGVsZXRlIjo1NDAwMDAwMDAwMDAwfX0="
        }
      ]
    }
  ],
  "check_results": null
}
