{
  "version": 4,
  "terraform_version": "1.8.4",
  "serial": 86,
  "lineage": "9fea9b5a-3f53-aee7-4f5e-e108d1ba6da5",
  "outputs": {
    "VCN_ID": {
      "value": "ocid1.vcn.oc1.eu-zurich-1.amaaaaaaspn2bqyaknyrsfyt4ddjgex4bli2tf7dzbh5ymjifsv4rhxdcheq",
      "type": "string"
    }
  },
  "resources": [
    {
      "mode": "managed",
      "type": "oci_core_subnet",
      "name": "vcn1_subx",
      "provider": "provider[\"registry.terraform.io/hashicorp/oci\"]",
      "instances": [
        {
          "schema_version": 0,
          "attributes": {
            "availability_domain": null,
            "cidr_block": "10.0.2.0/26",
            "compartment_id": "ocid1.compartment.oc1..aaaaaaaa2lorzac6c7c2eaypmweuawzbhmx6lyjsddw36qqjaigalbbdbpwa",
            "defined_tags": {},
            "dhcp_options_id": "ocid1.dhcpoptions.oc1.eu-zurich-1.aaaaaaaa25sr3wixhuyhoyue6efa7jhgrvzr2npcn4tmneyonpk5lpuorp2q",
            "display_name": "subnet20240617153846",
            "dns_label": null,
            "freeform_tags": {},
            "id": "ocid1.subnet.oc1.eu-zurich-1.aaaaaaaao53tzsfw23beisheilxmzqnkt6hqkkl5l7za2ou7goxnzcsshwza",
            "ipv6cidr_block": null,
            "ipv6cidr_blocks": [],
            "ipv6virtual_router_ip": null,
            "prohibit_internet_ingress": false,
            "prohibit_public_ip_on_vnic": false,
            "route_table_id": "ocid1.routetable.oc1.eu-zurich-1.aaaaaaaadlwdgtwjrne26ahk6ccfqtn5z3fwtiorrmek7j4twp4fo3yiifuq",
            "security_list_ids": [
              "ocid1.securitylist.oc1.eu-zurich-1.aaaaaaaazs576vnez3lyxtdxbxrt3o2yvlbvnuixlnk2oaemkrv4lwc5rjsq"
            ],
            "state": "AVAILABLE",
            "subnet_domain_name": null,
            "time_created": "2024-06-17 15:38:46.449 +0000 UTC",
            "timeouts": null,
            "vcn_id": "ocid1.vcn.oc1.eu-zurich-1.amaaaaaaspn2bqyaknyrsfyt4ddjgex4bli2tf7dzbh5ymjifsv4rhxdcheq",
            "virtual_router_ip": "10.0.2.1",
            "virtual_router_mac": "00:00:17:D1:B5:78"
          },
          "sensitive_attributes": [],
          "private": "eyJlMmJmYjczMC1lY2FhLTExZTYtOGY4OC0zNDM2M2JjN2M0YzAiOnsiY3JlYXRlIjoxMjAwMDAwMDAwMDAwLCJkZWxldGUiOjEyMDAwMDAwMDAwMDAsInVwZGF0ZSI6MTIwMDAwMDAwMDAwMH19",
          "dependencies": [
            "oci_core_vcn.internal",
            "oci_identity_compartment.TerraForEach_Compartments"
          ]
        }
      ]
    },
    {
      "mode": "managed",
      "type": "oci_core_vcn",
      "name": "internal",
      "provider": "provider[\"registry.terraform.io/hashicorp/oci\"]",
      "instances": [
        {
          "schema_version": 0,
          "attributes": {
            "byoipv6cidr_blocks": [],
            "byoipv6cidr_details": null,
            "cidr_block": "10.0.0.0/16",
            "cidr_blocks": [
              "10.0.0.0/16"
            ],
            "compartment_id": "ocid1.compartment.oc1..aaaaaaaa2lorzac6c7c2eaypmweuawzbhmx6lyjsddw36qqjaigalbbdbpwa",
            "default_dhcp_options_id": "ocid1.dhcpoptions.oc1.eu-zurich-1.aaaaaaaa25sr3wixhuyhoyue6efa7jhgrvzr2npcn4tmneyonpk5lpuorp2q",
            "default_route_table_id": "ocid1.routetable.oc1.eu-zurich-1.aaaaaaaadlwdgtwjrne26ahk6ccfqtn5z3fwtiorrmek7j4twp4fo3yiifuq",
            "default_security_list_id": "ocid1.securitylist.oc1.eu-zurich-1.aaaaaaaazs576vnez3lyxtdxbxrt3o2yvlbvnuixlnk2oaemkrv4lwc5rjsq",
            "defined_tags": {},
            "display_name": "OCI-VCN-01",
            "dns_label": "internal",
            "freeform_tags": {},
            "id": "ocid1.vcn.oc1.eu-zurich-1.amaaaaaaspn2bqyaknyrsfyt4ddjgex4bli2tf7dzbh5ymjifsv4rhxdcheq",
            "ipv6cidr_blocks": [],
            "ipv6private_cidr_blocks": [],
            "is_ipv6enabled": false,
            "is_oracle_gua_allocation_enabled": null,
            "state": "AVAILABLE",
            "time_created": "2024-06-17 15:38:45.893 +0000 UTC",
            "timeouts": {
              "create": "10m",
              "delete": "30m",
              "update": "30m"
            },
            "vcn_domain_name": "internal.oraclevcn.com"
          },
          "sensitive_attributes": [],
          "private": "eyJlMmJmYjczMC1lY2FhLTExZTYtOGY4OC0zNDM2M2JjN2M0YzAiOnsiY3JlYXRlIjo2MDAwMDAwMDAwMDAsImRlbGV0ZSI6MTgwMDAwMDAwMDAwMCwidXBkYXRlIjoxODAwMDAwMDAwMDAwfX0=",
          "dependencies": [
            "oci_identity_compartment.TerraForEach_Compartments"
          ]
        }
      ]
    },
    {
      "mode": "managed",
      "type": "oci_core_vcn",
      "name": "internal2",
      "provider": "provider[\"registry.terraform.io/hashicorp/oci\"]",
      "instances": [
        {
          "schema_version": 0,
          "attributes": {
            "byoipv6cidr_blocks": [],
            "byoipv6cidr_details": null,
            "cidr_block": "10.1.0.0/16",
            "cidr_blocks": [
              "10.1.0.0/16"
            ],
            "compartment_id": "ocid1.compartment.oc1..aaaaaaaaeye7tws24r2amvvjxbhkdo6wahsxscbthdpdpwxoxyn7o4qp6e2q",
            "default_dhcp_options_id": "ocid1.dhcpoptions.oc1.eu-zurich-1.aaaaaaaaptnjuyba3jjoor3eoksus5pqogkwm4rnuxka2ebg4lbqi4zkygia",
            "default_route_table_id": "ocid1.routetable.oc1.eu-zurich-1.aaaaaaaai5372emy6toz7demlimi2zfjexukthpfueopoae2d3zlqy2amyuq",
            "default_security_list_id": "ocid1.securitylist.oc1.eu-zurich-1.aaaaaaaaltcu67lfckeh5w52ks53dihzlmzril52yhaj3lzcog2uptj4cbcq",
            "defined_tags": {},
            "display_name": "OCI-VCN-02",
            "dns_label": "internal2",
            "freeform_tags": {},
            "id": "ocid1.vcn.oc1.eu-zurich-1.amaaaaaaspn2bqyad5ddxvpdo6lzauunplmuhyhywjbuwhf64qtzx7ibiwra",
            "ipv6cidr_blocks": [],
            "ipv6private_cidr_blocks": [],
            "is_ipv6enabled": false,
            "is_oracle_gua_allocation_enabled": null,
            "state": "AVAILABLE",
            "time_created": "2024-06-17 15:38:45.894 +0000 UTC",
            "timeouts": {
              "create": "10m",
              "delete": "30m",
              "update": "30m"
            },
            "vcn_domain_name": "internal2.oraclevcn.com"
          },
          "sensitive_attributes": [],
          "private": "eyJlMmJmYjczMC1lY2FhLTExZTYtOGY4OC0zNDM2M2JjN2M0YzAiOnsiY3JlYXRlIjo2MDAwMDAwMDAwMDAsImRlbGV0ZSI6MTgwMDAwMDAwMDAwMCwidXBkYXRlIjoxODAwMDAwMDAwMDAwfX0=",
          "dependencies": [
            "oci_identity_compartment.TerraForEach_Compartments"
          ]
        }
      ]
    },
    {
      "mode": "managed",
      "type": "oci_identity_compartment",
      "name": "TerraCount_Compartments",
      "provider": "provider[\"registry.terraform.io/hashicorp/oci\"].germany",
      "instances": [
        {
          "index_key": 0,
          "schema_version": 0,
          "attributes": {
            "compartment_id": "ocid1.tenancy.oc1..aaaaaaaafecpedgwhzbwvdw266usgo65ngnyzpacrbq54tezzlu4ctb76hpq",
            "defined_tags": {},
            "description": " create compartment using count meta-argument",
            "enable_delete": null,
            "freeform_tags": {},
            "id": "ocid1.compartment.oc1..aaaaaaaavgh4t63irjffstq5fupgjpx34iuo62cb2owieegqf5v5ntww3pvq",
            "inactive_state": null,
            "is_accessible": true,
            "name": "CComp_0",
            "state": "ACTIVE",
            "time_created": "2024-06-05 11:38:18.493 +0000 UTC",
            "timeouts": null
          },
          "sensitive_attributes": [],
          "private": "eyJlMmJmYjczMC1lY2FhLTExZTYtOGY4OC0zNDM2M2JjN2M0YzAiOnsiZGVsZXRlIjo1NDAwMDAwMDAwMDAwfX0=",
          "create_before_destroy": true
        },
        {
          "index_key": 1,
          "schema_version": 0,
          "attributes": {
            "compartment_id": "ocid1.tenancy.oc1..aaaaaaaafecpedgwhzbwvdw266usgo65ngnyzpacrbq54tezzlu4ctb76hpq",
            "defined_tags": {},
            "description": " create compartment using count meta-argument",
            "enable_delete": null,
            "freeform_tags": {},
            "id": "ocid1.compartment.oc1..aaaaaaaake5e2r6bpyhpqlzvf545c6mrryxhjdhdg2oue2recepuhqfasl3a",
            "inactive_state": null,
            "is_accessible": true,
            "name": "CComp_1",
            "state": "ACTIVE",
            "time_created": "2024-06-05 11:38:18.091 +0000 UTC",
            "timeouts": null
          },
          "sensitive_attributes": [],
          "private": "eyJlMmJmYjczMC1lY2FhLTExZTYtOGY4OC0zNDM2M2JjN2M0YzAiOnsiZGVsZXRlIjo1NDAwMDAwMDAwMDAwfX0=",
          "create_before_destroy": true
        }
      ]
    },
    {
      "mode": "managed",
      "type": "oci_identity_compartment",
      "name": "TerraForEach_Compartments",
      "provider": "provider[\"registry.terraform.io/hashicorp/oci\"]",
      "instances": [
        {
          "index_key": "comp1",
          "schema_version": 0,
          "attributes": {
            "compartment_id": "ocid1.tenancy.oc1..aaaaaaaafecpedgwhzbwvdw266usgo65ngnyzpacrbq54tezzlu4ctb76hpq",
            "defined_tags": {},
            "description": "create staging and dev compartments",
            "enable_delete": null,
            "freeform_tags": {},
            "id": "ocid1.compartment.oc1..aaaaaaaa2lorzac6c7c2eaypmweuawzbhmx6lyjsddw36qqjaigalbbdbpwa",
            "inactive_state": null,
            "is_accessible": true,
            "name": "comp1",
            "state": "ACTIVE",
            "time_created": "2024-06-17 11:52:54.229 +0000 UTC",
            "timeouts": null
          },
          "sensitive_attributes": [],
          "private": "eyJlMmJmYjczMC1lY2FhLTExZTYtOGY4OC0zNDM2M2JjN2M0YzAiOnsiZGVsZXRlIjo1NDAwMDAwMDAwMDAwfX0="
        },
        {
          "index_key": "comp2",
          "schema_version": 0,
          "attributes": {
            "compartment_id": "ocid1.tenancy.oc1..aaaaaaaafecpedgwhzbwvdw266usgo65ngnyzpacrbq54tezzlu4ctb76hpq",
            "defined_tags": {},
            "description": "create staging and dev compartments",
            "enable_delete": null,
            "freeform_tags": {},
            "id": "ocid1.compartment.oc1..aaaaaaaaeye7tws24r2amvvjxbhkdo6wahsxscbthdpdpwxoxyn7o4qp6e2q",
            "inactive_state": null,
            "is_accessible": true,
            "name": "comp2",
            "state": "ACTIVE",
            "time_created": "2024-06-17 11:52:55.098 +0000 UTC",
            "timeouts": null
          },
          "sensitive_attributes": [],
          "private": "eyJlMmJmYjczMC1lY2FhLTExZTYtOGY4OC0zNDM2M2JjN2M0YzAiOnsiZGVsZXRlIjo1NDAwMDAwMDAwMDAwfX0="
        }
      ]
    }
  ],
  "check_results": null
}
